
Microsoft Visual Studio Solution File, Format Version 12.00
# Visual Studio Version 16
VisualStudioVersion = 16.0.30804.86
MinimumVisualStudioVersion = 10.0.40219.1
Project("{FAE04EC0-301F-11D3-BF4B-00C04F79EFBC}") = "PrjMvcfirstcoreapp", "PrjMvcfirstcoreapp\PrjMvcfirstcoreapp.csproj", "{C7457FAF-F492-43FA-B97B-34CAF5A6FEC9}"
EndProject
Global
	GlobalSection(SolutionConfigurationPlatforms) = preSolution
		Debug|Any CPU = Debug|Any CPU
		Release|Any CPU = Release|Any CPU
	EndGlobalSection
	GlobalSection(ProjectConfigurationPlatforms) = postSolution
		{C7457FAF-F492-43FA-B97B-34CAF5A6FEC9}.Debug|Any CPU.ActiveCfg = Debug|Any CPU
		{C7457FAF-F492-43FA-B97B-34CAF5A6FEC9}.Debug|Any CPU.Build.0 = Debug|Any CPU
		{C7457FAF-F492-43FA-B97B-34CAF5A6FEC9}.Release|Any CPU.ActiveCfg = Release|Any CPU
		{C7457FAF-F492-43FA-B97B-34CAF5A6FEC9}.Release|Any CPU.Build.0 = Release|Any CPU
	EndGlobalSection
	GlobalSection(SolutionProperties) = preSolution
		HideSolutionNode = FALSE
	EndGlobalSection
	GlobalSection(ExtensibilityGlobals) = postSolution
		SolutionGuid = {D1239536-E2F8-4599-A163-D32DEE658874}
	EndGlobalSection
EndGlobal
