
Microsoft Visual Studio Solution File, Format Version 12.00
# Visual Studio Version 16
VisualStudioVersion = 16.0.30804.86
MinimumVisualStudioVersion = 10.0.40219.1
Project("{FAE04EC0-301F-11D3-BF4B-00C04F79EFBC}") = "LayoutEg", "LayoutEg\LayoutEg.csproj", "{A80021C1-AF0D-424E-BAF7-488C4D9D56BE}"
EndProject
Global
	GlobalSection(SolutionConfigurationPlatforms) = preSolution
		Debug|Any CPU = Debug|Any CPU
		Release|Any CPU = Release|Any CPU
	EndGlobalSection
	GlobalSection(ProjectConfigurationPlatforms) = postSolution
		{A80021C1-AF0D-424E-BAF7-488C4D9D56BE}.Debug|Any CPU.ActiveCfg = Debug|Any CPU
		{A80021C1-AF0D-424E-BAF7-488C4D9D56BE}.Debug|Any CPU.Build.0 = Debug|Any CPU
		{A80021C1-AF0D-424E-BAF7-488C4D9D56BE}.Release|Any CPU.ActiveCfg = Release|Any CPU
		{A80021C1-AF0D-424E-BAF7-488C4D9D56BE}.Release|Any CPU.Build.0 = Release|Any CPU
	EndGlobalSection
	GlobalSection(SolutionProperties) = preSolution
		HideSolutionNode = FALSE
	EndGlobalSection
	GlobalSection(ExtensibilityGlobals) = postSolution
		SolutionGuid = {6683D2C1-9F00-4F9F-AD52-89DA09AF48F6}
	EndGlobalSection
EndGlobal
