
Microsoft Visual Studio Solution File, Format Version 12.00
# Visual Studio Version 16
VisualStudioVersion = 16.0.30804.86
MinimumVisualStudioVersion = 10.0.40219.1
Project("{FAE04EC0-301F-11D3-BF4B-00C04F79EFBC}") = "PrjEFCoreDBFirst", "PrjEFCoreDBFirst\PrjEFCoreDBFirst.csproj", "{117B8247-CA5F-42CE-A0B8-57D3A30ABEBF}"
EndProject
Global
	GlobalSection(SolutionConfigurationPlatforms) = preSolution
		Debug|Any CPU = Debug|Any CPU
		Release|Any CPU = Release|Any CPU
	EndGlobalSection
	GlobalSection(ProjectConfigurationPlatforms) = postSolution
		{117B8247-CA5F-42CE-A0B8-57D3A30ABEBF}.Debug|Any CPU.ActiveCfg = Debug|Any CPU
		{117B8247-CA5F-42CE-A0B8-57D3A30ABEBF}.Debug|Any CPU.Build.0 = Debug|Any CPU
		{117B8247-CA5F-42CE-A0B8-57D3A30ABEBF}.Release|Any CPU.ActiveCfg = Release|Any CPU
		{117B8247-CA5F-42CE-A0B8-57D3A30ABEBF}.Release|Any CPU.Build.0 = Release|Any CPU
	EndGlobalSection
	GlobalSection(SolutionProperties) = preSolution
		HideSolutionNode = FALSE
	EndGlobalSection
	GlobalSection(ExtensibilityGlobals) = postSolution
		SolutionGuid = {8C5AC36C-70F8-4459-9E3F-35463D4DEF89}
	EndGlobalSection
EndGlobal
