
Microsoft Visual Studio Solution File, Format Version 12.00
# Visual Studio Version 16
VisualStudioVersion = 16.0.30804.86
MinimumVisualStudioVersion = 10.0.40219.1
Project("{FAE04EC0-301F-11D3-BF4B-00C04F79EFBC}") = "PrjCodeFirstincore", "PrjCodeFirstincore\PrjCodeFirstincore.csproj", "{B3B2632E-0B1E-4A56-8FA6-ED112A5BB880}"
EndProject
Global
	GlobalSection(SolutionConfigurationPlatforms) = preSolution
		Debug|Any CPU = Debug|Any CPU
		Release|Any CPU = Release|Any CPU
	EndGlobalSection
	GlobalSection(ProjectConfigurationPlatforms) = postSolution
		{B3B2632E-0B1E-4A56-8FA6-ED112A5BB880}.Debug|Any CPU.ActiveCfg = Debug|Any CPU
		{B3B2632E-0B1E-4A56-8FA6-ED112A5BB880}.Debug|Any CPU.Build.0 = Debug|Any CPU
		{B3B2632E-0B1E-4A56-8FA6-ED112A5BB880}.Release|Any CPU.ActiveCfg = Release|Any CPU
		{B3B2632E-0B1E-4A56-8FA6-ED112A5BB880}.Release|Any CPU.Build.0 = Release|Any CPU
	EndGlobalSection
	GlobalSection(SolutionProperties) = preSolution
		HideSolutionNode = FALSE
	EndGlobalSection
	GlobalSection(ExtensibilityGlobals) = postSolution
		SolutionGuid = {0765E4AA-16A2-4A0F-870C-1FB2A04FC882}
	EndGlobalSection
EndGlobal
